
Microsoft Visual Studio Solution File, Format Version 12.00
# Visual Studio Version 16
VisualStudioVersion = 16.0.30503.244
MinimumVisualStudioVersion = 10.0.40219.1
Project("{FAE04EC0-301F-11D3-BF4B-00C04F79EFBC}") = "program3", "program3\program3.csproj", "{7583D5F5-FAB9-4977-A22E-1B28588040D7}"
EndProject
Global
	GlobalSection(SolutionConfigurationPlatforms) = preSolution
		Debug|Any CPU = Debug|Any CPU
		Release|Any CPU = Release|Any CPU
	EndGlobalSection
	GlobalSection(ProjectConfigurationPlatforms) = postSolution
		{7583D5F5-FAB9-4977-A22E-1B28588040D7}.Debug|Any CPU.ActiveCfg = Debug|Any CPU
		{7583D5F5-FAB9-4977-A22E-1B28588040D7}.Debug|Any CPU.Build.0 = Debug|Any CPU
		{7583D5F5-FAB9-4977-A22E-1B28588040D7}.Release|Any CPU.ActiveCfg = Release|Any CPU
		{7583D5F5-FAB9-4977-A22E-1B28588040D7}.Release|Any CPU.Build.0 = Release|Any CPU
	EndGlobalSection
	GlobalSection(SolutionProperties) = preSolution
		HideSolutionNode = FALSE
	EndGlobalSection
	GlobalSection(ExtensibilityGlobals) = postSolution
		SolutionGuid = {B32F051C-1DF8-4F3B-B50A-5D81802DE3FA}
	EndGlobalSection
EndGlobal
